
Microsoft Visual Studio Solution File, Format Version 12.00
# Visual Studio Version 16
VisualStudioVersion = 16.0.29001.49
MinimumVisualStudioVersion = 10.0.40219.1
Project("{FAE04EC0-301F-11D3-BF4B-00C04F79EFBC}") = "Reproductor", "Reproductor\Reproductor.csproj", "{84EB0B0B-D972-4DD4-AF53-440E5D190E29}"
EndProject
Global
	GlobalSection(SolutionConfigurationPlatforms) = preSolution
		Debug|Any CPU = Debug|Any CPU
		Release|Any CPU = Release|Any CPU
	EndGlobalSection
	GlobalSection(ProjectConfigurationPlatforms) = postSolution
		{84EB0B0B-D972-4DD4-AF53-440E5D190E29}.Debug|Any CPU.ActiveCfg = Debug|Any CPU
		{84EB0B0B-D972-4DD4-AF53-440E5D190E29}.Debug|Any CPU.Build.0 = Debug|Any CPU
		{84EB0B0B-D972-4DD4-AF53-440E5D190E29}.Release|Any CPU.ActiveCfg = Release|Any CPU
		{84EB0B0B-D972-4DD4-AF53-440E5D190E29}.Release|Any CPU.Build.0 = Release|Any CPU
	EndGlobalSection
	GlobalSection(SolutionProperties) = preSolution
		HideSolutionNode = FALSE
	EndGlobalSection
	GlobalSection(ExtensibilityGlobals) = postSolution
		SolutionGuid = {86B2A02A-AACA-4425-B3FD-BB588A163303}
	EndGlobalSection
EndGlobal
